
Microsoft Visual Studio Solution File, Format Version 12.00
Project("{FAE04EC0-301F-11D3-BF4B-00C04F79EFBC}") = "APBD11", "APBD11\APBD11.csproj", "{46361357-A9AE-45E0-AD38-FEF4685CA788}"
EndProject
Global
	GlobalSection(SolutionConfigurationPlatforms) = preSolution
		Debug|Any CPU = Debug|Any CPU
		Release|Any CPU = Release|Any CPU
	EndGlobalSection
	GlobalSection(ProjectConfigurationPlatforms) = postSolution
		{46361357-A9AE-45E0-AD38-FEF4685CA788}.Debug|Any CPU.ActiveCfg = Debug|Any CPU
		{46361357-A9AE-45E0-AD38-FEF4685CA788}.Debug|Any CPU.Build.0 = Debug|Any CPU
		{46361357-A9AE-45E0-AD38-FEF4685CA788}.Release|Any CPU.ActiveCfg = Release|Any CPU
		{46361357-A9AE-45E0-AD38-FEF4685CA788}.Release|Any CPU.Build.0 = Release|Any CPU
	EndGlobalSection
EndGlobal
